
Microsoft Visual Studio Solution File, Format Version 12.00
# Visual Studio Version 17
VisualStudioVersion = 17.11.35222.181
MinimumVisualStudioVersion = 10.0.40219.1
Project("{9A19103F-16F7-4668-BE54-9A1E7A4F7556}") = "TallerRepaso", "ConsoleApp1\TallerRepaso.csproj", "{00BF259C-7919-45CF-9D36-6B4C0B580971}"
EndProject
Global
	GlobalSection(SolutionConfigurationPlatforms) = preSolution
		Debug|Any CPU = Debug|Any CPU
		Release|Any CPU = Release|Any CPU
	EndGlobalSection
	GlobalSection(ProjectConfigurationPlatforms) = postSolution
		{00BF259C-7919-45CF-9D36-6B4C0B580971}.Debug|Any CPU.ActiveCfg = Debug|Any CPU
		{00BF259C-7919-45CF-9D36-6B4C0B580971}.Debug|Any CPU.Build.0 = Debug|Any CPU
		{00BF259C-7919-45CF-9D36-6B4C0B580971}.Release|Any CPU.ActiveCfg = Release|Any CPU
		{00BF259C-7919-45CF-9D36-6B4C0B580971}.Release|Any CPU.Build.0 = Release|Any CPU
	EndGlobalSection
	GlobalSection(SolutionProperties) = preSolution
		HideSolutionNode = FALSE
	EndGlobalSection
	GlobalSection(ExtensibilityGlobals) = postSolution
		SolutionGuid = {A7D82EA7-8B51-4421-9713-4B0E8F4904E4}
	EndGlobalSection
EndGlobal
